
Microsoft Visual Studio Solution File, Format Version 12.00
# Visual Studio Version 16
VisualStudioVersion = 16.0.32802.440
MinimumVisualStudioVersion = 10.0.40219.1
Project("{8BC9CEB8-8B4A-11D0-8D11-00A0C91BC942}") = "1.helloCpp", "1.helloCpp\1.helloCpp.vcxproj", "{3021E01D-7067-4F30-969C-707BB335C419}"
EndProject
Project("{8BC9CEB8-8B4A-11D0-8D11-00A0C91BC942}") = "2.MyObject", "2.MyObject\2.MyObject.vcxproj", "{282EF939-3B6A-4099-AD4B-353F81745AC8}"
EndProject
Project("{8BC9CEB8-8B4A-11D0-8D11-00A0C91BC942}") = "3.inline", "3.inline\3.inline.vcxproj", "{FFF44699-3656-463E-A2D9-34DA32152582}"
EndProject
Project("{8BC9CEB8-8B4A-11D0-8D11-00A0C91BC942}") = "4.derived", "4.derived\4.derived.vcxproj", "{C36A7330-5FA1-497B-95C1-E4ABDB6B1135}"
EndProject
Project("{8BC9CEB8-8B4A-11D0-8D11-00A0C91BC942}") = "5.friend", "5.friend\5.friend.vcxproj", "{F8E9986D-DC4F-4A9B-AF59-C0F2FB8B67C4}"
EndProject
Project("{8BC9CEB8-8B4A-11D0-8D11-00A0C91BC942}") = "6.class_init", "6.class_init\6.class_init.vcxproj", "{7ED11337-D727-4A8C-81C6-DB53B35B9155}"
EndProject
Project("{8BC9CEB8-8B4A-11D0-8D11-00A0C91BC942}") = "7.operation", "7.operation\7.operation.vcxproj", "{59A15DC9-82DC-418B-AE66-E5790EC6404A}"
EndProject
Project("{8BC9CEB8-8B4A-11D0-8D11-00A0C91BC942}") = "8.overloading_rewrite", "8.overloading_rewrite\8.overloading_rewrite.vcxproj", "{5BB91FCE-2DC3-4F8E-9927-5A307FFF03C4}"
EndProject
Project("{8BC9CEB8-8B4A-11D0-8D11-00A0C91BC942}") = "9.lambda", "9.lambda\9.lambda.vcxproj", "{A350CCBD-0A9D-4461-B54C-9161EB649101}"
EndProject
Project("{2150E333-8FDC-42A3-9474-1A3956D46DE8}") = "1-9", "1-9", "{79AE7E33-6023-499A-A767-EB0238B23A0A}"
EndProject
Project("{8BC9CEB8-8B4A-11D0-8D11-00A0C91BC942}") = "10.runlibrary", "10.runlibrary\10.runlibrary.vcxproj", "{5327AED8-6372-4FA3-8A10-0B70EBE09B85}"
EndProject
Project("{8BC9CEB8-8B4A-11D0-8D11-00A0C91BC942}") = "10.library_cpp", "10.library_cpp\10.library_cpp.vcxproj", "{8672A676-3240-40A2-BF5E-B1C9B9CB35EF}"
EndProject
Project("{8BC9CEB8-8B4A-11D0-8D11-00A0C91BC942}") = "10.library_c", "10.library_c\10.library_c.vcxproj", "{E836B930-BFEA-4DA1-AC4E-45FC6D579641}"
EndProject
Project("{8BC9CEB8-8B4A-11D0-8D11-00A0C91BC942}") = "11.const_cast", "11.const_cast\11.const_cast.vcxproj", "{F6C31881-8453-4600-B3B3-3BEF52F1C311}"
EndProject
Project("{8BC9CEB8-8B4A-11D0-8D11-00A0C91BC942}") = "12.template", "12.template\12.template.vcxproj", "{39CED474-D623-4BBA-8B7C-212E44634EBF}"
EndProject
Project("{8BC9CEB8-8B4A-11D0-8D11-00A0C91BC942}") = "13.exception_reflect", "13.exception_reflect\13.exception_reflect.vcxproj", "{9ED1544F-3D08-4644-A6B8-DC3B0EFEC150}"
EndProject
Project("{8BC9CEB8-8B4A-11D0-8D11-00A0C91BC942}") = "14.io", "14.io\14.io.vcxproj", "{AEFD3377-AFAF-47EA-9D9E-D75F2CCD639A}"
EndProject
Project("{8BC9CEB8-8B4A-11D0-8D11-00A0C91BC942}") = "15.new_delete", "15.new_delete\15.new_delete.vcxproj", "{93807DA6-D7AD-4F12-98FB-0A6C97501BC4}"
EndProject
Project("{8BC9CEB8-8B4A-11D0-8D11-00A0C91BC942}") = "16.STL Container", "16.STL Container\16.STL Container.vcxproj", "{04FDA205-62B1-4FAD-9304-3658FFC9E0B1}"
EndProject
Global
	GlobalSection(SolutionConfigurationPlatforms) = preSolution
		Debug|x64 = Debug|x64
		Debug|x86 = Debug|x86
		Release|x64 = Release|x64
		Release|x86 = Release|x86
	EndGlobalSection
	GlobalSection(ProjectConfigurationPlatforms) = postSolution
		{3021E01D-7067-4F30-969C-707BB335C419}.Debug|x64.ActiveCfg = Debug|x64
		{3021E01D-7067-4F30-969C-707BB335C419}.Debug|x64.Build.0 = Debug|x64
		{3021E01D-7067-4F30-969C-707BB335C419}.Debug|x86.ActiveCfg = Debug|Win32
		{3021E01D-7067-4F30-969C-707BB335C419}.Debug|x86.Build.0 = Debug|Win32
		{3021E01D-7067-4F30-969C-707BB335C419}.Release|x64.ActiveCfg = Release|x64
		{3021E01D-7067-4F30-969C-707BB335C419}.Release|x64.Build.0 = Release|x64
		{3021E01D-7067-4F30-969C-707BB335C419}.Release|x86.ActiveCfg = Release|Win32
		{3021E01D-7067-4F30-969C-707BB335C419}.Release|x86.Build.0 = Release|Win32
		{282EF939-3B6A-4099-AD4B-353F81745AC8}.Debug|x64.ActiveCfg = Debug|x64
		{282EF939-3B6A-4099-AD4B-353F81745AC8}.Debug|x64.Build.0 = Debug|x64
		{282EF939-3B6A-4099-AD4B-353F81745AC8}.Debug|x86.ActiveCfg = Debug|Win32
		{282EF939-3B6A-4099-AD4B-353F81745AC8}.Debug|x86.Build.0 = Debug|Win32
		{282EF939-3B6A-4099-AD4B-353F81745AC8}.Release|x64.ActiveCfg = Release|x64
		{282EF939-3B6A-4099-AD4B-353F81745AC8}.Release|x64.Build.0 = Release|x64
		{282EF939-3B6A-4099-AD4B-353F81745AC8}.Release|x86.ActiveCfg = Release|Win32
		{282EF939-3B6A-4099-AD4B-353F81745AC8}.Release|x86.Build.0 = Release|Win32
		{FFF44699-3656-463E-A2D9-34DA32152582}.Debug|x64.ActiveCfg = Debug|x64
		{FFF44699-3656-463E-A2D9-34DA32152582}.Debug|x64.Build.0 = Debug|x64
		{FFF44699-3656-463E-A2D9-34DA32152582}.Debug|x86.ActiveCfg = Debug|Win32
		{FFF44699-3656-463E-A2D9-34DA32152582}.Debug|x86.Build.0 = Debug|Win32
		{FFF44699-3656-463E-A2D9-34DA32152582}.Release|x64.ActiveCfg = Release|x64
		{FFF44699-3656-463E-A2D9-34DA32152582}.Release|x64.Build.0 = Release|x64
		{FFF44699-3656-463E-A2D9-34DA32152582}.Release|x86.ActiveCfg = Release|Win32
		{FFF44699-3656-463E-A2D9-34DA32152582}.Release|x86.Build.0 = Release|Win32
		{C36A7330-5FA1-497B-95C1-E4ABDB6B1135}.Debug|x64.ActiveCfg = Debug|x64
		{C36A7330-5FA1-497B-95C1-E4ABDB6B1135}.Debug|x64.Build.0 = Debug|x64
		{C36A7330-5FA1-497B-95C1-E4ABDB6B1135}.Debug|x86.ActiveCfg = Debug|Win32
		{C36A7330-5FA1-497B-95C1-E4ABDB6B1135}.Debug|x86.Build.0 = Debug|Win32
		{C36A7330-5FA1-497B-95C1-E4ABDB6B1135}.Release|x64.ActiveCfg = Release|x64
		{C36A7330-5FA1-497B-95C1-E4ABDB6B1135}.Release|x64.Build.0 = Release|x64
		{C36A7330-5FA1-497B-95C1-E4ABDB6B1135}.Release|x86.ActiveCfg = Release|Win32
		{C36A7330-5FA1-497B-95C1-E4ABDB6B1135}.Release|x86.Build.0 = Release|Win32
		{F8E9986D-DC4F-4A9B-AF59-C0F2FB8B67C4}.Debug|x64.ActiveCfg = Debug|x64
		{F8E9986D-DC4F-4A9B-AF59-C0F2FB8B67C4}.Debug|x64.Build.0 = Debug|x64
		{F8E9986D-DC4F-4A9B-AF59-C0F2FB8B67C4}.Debug|x86.ActiveCfg = Debug|Win32
		{F8E9986D-DC4F-4A9B-AF59-C0F2FB8B67C4}.Debug|x86.Build.0 = Debug|Win32
		{F8E9986D-DC4F-4A9B-AF59-C0F2FB8B67C4}.Release|x64.ActiveCfg = Release|x64
		{F8E9986D-DC4F-4A9B-AF59-C0F2FB8B67C4}.Release|x64.Build.0 = Release|x64
		{F8E9986D-DC4F-4A9B-AF59-C0F2FB8B67C4}.Release|x86.ActiveCfg = Release|Win32
		{F8E9986D-DC4F-4A9B-AF59-C0F2FB8B67C4}.Release|x86.Build.0 = Release|Win32
		{7ED11337-D727-4A8C-81C6-DB53B35B9155}.Debug|x64.ActiveCfg = Debug|x64
		{7ED11337-D727-4A8C-81C6-DB53B35B9155}.Debug|x64.Build.0 = Debug|x64
		{7ED11337-D727-4A8C-81C6-DB53B35B9155}.Debug|x86.ActiveCfg = Debug|Win32
		{7ED11337-D727-4A8C-81C6-DB53B35B9155}.Debug|x86.Build.0 = Debug|Win32
		{7ED11337-D727-4A8C-81C6-DB53B35B9155}.Release|x64.ActiveCfg = Release|x64
		{7ED11337-D727-4A8C-81C6-DB53B35B9155}.Release|x64.Build.0 = Release|x64
		{7ED11337-D727-4A8C-81C6-DB53B35B9155}.Release|x86.ActiveCfg = Release|Win32
		{7ED11337-D727-4A8C-81C6-DB53B35B9155}.Release|x86.Build.0 = Release|Win32
		{59A15DC9-82DC-418B-AE66-E5790EC6404A}.Debug|x64.ActiveCfg = Debug|x64
		{59A15DC9-82DC-418B-AE66-E5790EC6404A}.Debug|x64.Build.0 = Debug|x64
		{59A15DC9-82DC-418B-AE66-E5790EC6404A}.Debug|x86.ActiveCfg = Debug|Win32
		{59A15DC9-82DC-418B-AE66-E5790EC6404A}.Debug|x86.Build.0 = Debug|Win32
		{59A15DC9-82DC-418B-AE66-E5790EC6404A}.Release|x64.ActiveCfg = Release|x64
		{59A15DC9-82DC-418B-AE66-E5790EC6404A}.Release|x64.Build.0 = Release|x64
		{59A15DC9-82DC-418B-AE66-E5790EC6404A}.Release|x86.ActiveCfg = Release|Win32
		{59A15DC9-82DC-418B-AE66-E5790EC6404A}.Release|x86.Build.0 = Release|Win32
		{5BB91FCE-2DC3-4F8E-9927-5A307FFF03C4}.Debug|x64.ActiveCfg = Debug|x64
		{5BB91FCE-2DC3-4F8E-9927-5A307FFF03C4}.Debug|x64.Build.0 = Debug|x64
		{5BB91FCE-2DC3-4F8E-9927-5A307FFF03C4}.Debug|x86.ActiveCfg = Debug|Win32
		{5BB91FCE-2DC3-4F8E-9927-5A307FFF03C4}.Debug|x86.Build.0 = Debug|Win32
		{5BB91FCE-2DC3-4F8E-9927-5A307FFF03C4}.Release|x64.ActiveCfg = Release|x64
		{5BB91FCE-2DC3-4F8E-9927-5A307FFF03C4}.Release|x64.Build.0 = Release|x64
		{5BB91FCE-2DC3-4F8E-9927-5A307FFF03C4}.Release|x86.ActiveCfg = Release|Win32
		{5BB91FCE-2DC3-4F8E-9927-5A307FFF03C4}.Release|x86.Build.0 = Release|Win32
		{A350CCBD-0A9D-4461-B54C-9161EB649101}.Debug|x64.ActiveCfg = Debug|x64
		{A350CCBD-0A9D-4461-B54C-9161EB649101}.Debug|x64.Build.0 = Debug|x64
		{A350CCBD-0A9D-4461-B54C-9161EB649101}.Debug|x86.ActiveCfg = Debug|Win32
		{A350CCBD-0A9D-4461-B54C-9161EB649101}.Debug|x86.Build.0 = Debug|Win32
		{A350CCBD-0A9D-4461-B54C-9161EB649101}.Release|x64.ActiveCfg = Release|x64
		{A350CCBD-0A9D-4461-B54C-9161EB649101}.Release|x64.Build.0 = Release|x64
		{A350CCBD-0A9D-4461-B54C-9161EB649101}.Release|x86.ActiveCfg = Release|Win32
		{A350CCBD-0A9D-4461-B54C-9161EB649101}.Release|x86.Build.0 = Release|Win32
		{5327AED8-6372-4FA3-8A10-0B70EBE09B85}.Debug|x64.ActiveCfg = Debug|x64
		{5327AED8-6372-4FA3-8A10-0B70EBE09B85}.Debug|x64.Build.0 = Debug|x64
		{5327AED8-6372-4FA3-8A10-0B70EBE09B85}.Debug|x86.ActiveCfg = Debug|Win32
		{5327AED8-6372-4FA3-8A10-0B70EBE09B85}.Debug|x86.Build.0 = Debug|Win32
		{5327AED8-6372-4FA3-8A10-0B70EBE09B85}.Release|x64.ActiveCfg = Release|x64
		{5327AED8-6372-4FA3-8A10-0B70EBE09B85}.Release|x64.Build.0 = Release|x64
		{5327AED8-6372-4FA3-8A10-0B70EBE09B85}.Release|x86.ActiveCfg = Release|Win32
		{5327AED8-6372-4FA3-8A10-0B70EBE09B85}.Release|x86.Build.0 = Release|Win32
		{8672A676-3240-40A2-BF5E-B1C9B9CB35EF}.Debug|x64.ActiveCfg = Debug|x64
		{8672A676-3240-40A2-BF5E-B1C9B9CB35EF}.Debug|x64.Build.0 = Debug|x64
		{8672A676-3240-40A2-BF5E-B1C9B9CB35EF}.Debug|x86.ActiveCfg = Debug|Win32
		{8672A676-3240-40A2-BF5E-B1C9B9CB35EF}.Debug|x86.Build.0 = Debug|Win32
		{8672A676-3240-40A2-BF5E-B1C9B9CB35EF}.Release|x64.ActiveCfg = Release|x64
		{8672A676-3240-40A2-BF5E-B1C9B9CB35EF}.Release|x64.Build.0 = Release|x64
		{8672A676-3240-40A2-BF5E-B1C9B9CB35EF}.Release|x86.ActiveCfg = Release|Win32
		{8672A676-3240-40A2-BF5E-B1C9B9CB35EF}.Release|x86.Build.0 = Release|Win32
		{E836B930-BFEA-4DA1-AC4E-45FC6D579641}.Debug|x64.ActiveCfg = Debug|x64
		{E836B930-BFEA-4DA1-AC4E-45FC6D579641}.Debug|x64.Build.0 = Debug|x64
		{E836B930-BFEA-4DA1-AC4E-45FC6D579641}.Debug|x86.ActiveCfg = Debug|Win32
		{E836B930-BFEA-4DA1-AC4E-45FC6D579641}.Debug|x86.Build.0 = Debug|Win32
		{E836B930-BFEA-4DA1-AC4E-45FC6D579641}.Release|x64.ActiveCfg = Release|x64
		{E836B930-BFEA-4DA1-AC4E-45FC6D579641}.Release|x64.Build.0 = Release|x64
		{E836B930-BFEA-4DA1-AC4E-45FC6D579641}.Release|x86.ActiveCfg = Release|Win32
		{E836B930-BFEA-4DA1-AC4E-45FC6D579641}.Release|x86.Build.0 = Release|Win32
		{F6C31881-8453-4600-B3B3-3BEF52F1C311}.Debug|x64.ActiveCfg = Debug|x64
		{F6C31881-8453-4600-B3B3-3BEF52F1C311}.Debug|x64.Build.0 = Debug|x64
		{F6C31881-8453-4600-B3B3-3BEF52F1C311}.Debug|x86.ActiveCfg = Debug|Win32
		{F6C31881-8453-4600-B3B3-3BEF52F1C311}.Debug|x86.Build.0 = Debug|Win32
		{F6C31881-8453-4600-B3B3-3BEF52F1C311}.Release|x64.ActiveCfg = Release|x64
		{F6C31881-8453-4600-B3B3-3BEF52F1C311}.Release|x64.Build.0 = Release|x64
		{F6C31881-8453-4600-B3B3-3BEF52F1C311}.Release|x86.ActiveCfg = Release|Win32
		{F6C31881-8453-4600-B3B3-3BEF52F1C311}.Release|x86.Build.0 = Release|Win32
		{39CED474-D623-4BBA-8B7C-212E44634EBF}.Debug|x64.ActiveCfg = Debug|x64
		{39CED474-D623-4BBA-8B7C-212E44634EBF}.Debug|x64.Build.0 = Debug|x64
		{39CED474-D623-4BBA-8B7C-212E44634EBF}.Debug|x86.ActiveCfg = Debug|Win32
		{39CED474-D623-4BBA-8B7C-212E44634EBF}.Debug|x86.Build.0 = Debug|Win32
		{39CED474-D623-4BBA-8B7C-212E44634EBF}.Release|x64.ActiveCfg = Release|x64
		{39CED474-D623-4BBA-8B7C-212E44634EBF}.Release|x64.Build.0 = Release|x64
		{39CED474-D623-4BBA-8B7C-212E44634EBF}.Release|x86.ActiveCfg = Release|Win32
		{39CED474-D623-4BBA-8B7C-212E44634EBF}.Release|x86.Build.0 = Release|Win32
		{9ED1544F-3D08-4644-A6B8-DC3B0EFEC150}.Debug|x64.ActiveCfg = Debug|x64
		{9ED1544F-3D08-4644-A6B8-DC3B0EFEC150}.Debug|x64.Build.0 = Debug|x64
		{9ED1544F-3D08-4644-A6B8-DC3B0EFEC150}.Debug|x86.ActiveCfg = Debug|Win32
		{9ED1544F-3D08-4644-A6B8-DC3B0EFEC150}.Debug|x86.Build.0 = Debug|Win32
		{9ED1544F-3D08-4644-A6B8-DC3B0EFEC150}.Release|x64.ActiveCfg = Release|x64
		{9ED1544F-3D08-4644-A6B8-DC3B0EFEC150}.Release|x64.Build.0 = Release|x64
		{9ED1544F-3D08-4644-A6B8-DC3B0EFEC150}.Release|x86.ActiveCfg = Release|Win32
		{9ED1544F-3D08-4644-A6B8-DC3B0EFEC150}.Release|x86.Build.0 = Release|Win32
		{AEFD3377-AFAF-47EA-9D9E-D75F2CCD639A}.Debug|x64.ActiveCfg = Debug|x64
		{AEFD3377-AFAF-47EA-9D9E-D75F2CCD639A}.Debug|x64.Build.0 = Debug|x64
		{AEFD3377-AFAF-47EA-9D9E-D75F2CCD639A}.Debug|x86.ActiveCfg = Debug|Win32
		{AEFD3377-AFAF-47EA-9D9E-D75F2CCD639A}.Debug|x86.Build.0 = Debug|Win32
		{AEFD3377-AFAF-47EA-9D9E-D75F2CCD639A}.Release|x64.ActiveCfg = Release|x64
		{AEFD3377-AFAF-47EA-9D9E-D75F2CCD639A}.Release|x64.Build.0 = Release|x64
		{AEFD3377-AFAF-47EA-9D9E-D75F2CCD639A}.Release|x86.ActiveCfg = Release|Win32
		{AEFD3377-AFAF-47EA-9D9E-D75F2CCD639A}.Release|x86.Build.0 = Release|Win32
		{93807DA6-D7AD-4F12-98FB-0A6C97501BC4}.Debug|x64.ActiveCfg = Debug|x64
		{93807DA6-D7AD-4F12-98FB-0A6C97501BC4}.Debug|x64.Build.0 = Debug|x64
		{93807DA6-D7AD-4F12-98FB-0A6C97501BC4}.Debug|x86.ActiveCfg = Debug|Win32
		{93807DA6-D7AD-4F12-98FB-0A6C97501BC4}.Debug|x86.Build.0 = Debug|Win32
		{93807DA6-D7AD-4F12-98FB-0A6C97501BC4}.Release|x64.ActiveCfg = Release|x64
		{93807DA6-D7AD-4F12-98FB-0A6C97501BC4}.Release|x64.Build.0 = Release|x64
		{93807DA6-D7AD-4F12-98FB-0A6C97501BC4}.Release|x86.ActiveCfg = Release|Win32
		{93807DA6-D7AD-4F12-98FB-0A6C97501BC4}.Release|x86.Build.0 = Release|Win32
		{04FDA205-62B1-4FAD-9304-3658FFC9E0B1}.Debug|x64.ActiveCfg = Debug|x64
		{04FDA205-62B1-4FAD-9304-3658FFC9E0B1}.Debug|x64.Build.0 = Debug|x64
		{04FDA205-62B1-4FAD-9304-3658FFC9E0B1}.Debug|x86.ActiveCfg = Debug|Win32
		{04FDA205-62B1-4FAD-9304-3658FFC9E0B1}.Debug|x86.Build.0 = Debug|Win32
		{04FDA205-62B1-4FAD-9304-3658FFC9E0B1}.Release|x64.ActiveCfg = Release|x64
		{04FDA205-62B1-4FAD-9304-3658FFC9E0B1}.Release|x64.Build.0 = Release|x64
		{04FDA205-62B1-4FAD-9304-3658FFC9E0B1}.Release|x86.ActiveCfg = Release|Win32
		{04FDA205-62B1-4FAD-9304-3658FFC9E0B1}.Release|x86.Build.0 = Release|Win32
	EndGlobalSection
	GlobalSection(SolutionProperties) = preSolution
		HideSolutionNode = FALSE
	EndGlobalSection
	GlobalSection(NestedProjects) = preSolution
		{3021E01D-7067-4F30-969C-707BB335C419} = {79AE7E33-6023-499A-A767-EB0238B23A0A}
		{282EF939-3B6A-4099-AD4B-353F81745AC8} = {79AE7E33-6023-499A-A767-EB0238B23A0A}
		{FFF44699-3656-463E-A2D9-34DA32152582} = {79AE7E33-6023-499A-A767-EB0238B23A0A}
		{C36A7330-5FA1-497B-95C1-E4ABDB6B1135} = {79AE7E33-6023-499A-A767-EB0238B23A0A}
		{F8E9986D-DC4F-4A9B-AF59-C0F2FB8B67C4} = {79AE7E33-6023-499A-A767-EB0238B23A0A}
		{7ED11337-D727-4A8C-81C6-DB53B35B9155} = {79AE7E33-6023-499A-A767-EB0238B23A0A}
		{59A15DC9-82DC-418B-AE66-E5790EC6404A} = {79AE7E33-6023-499A-A767-EB0238B23A0A}
		{5BB91FCE-2DC3-4F8E-9927-5A307FFF03C4} = {79AE7E33-6023-499A-A767-EB0238B23A0A}
		{A350CCBD-0A9D-4461-B54C-9161EB649101} = {79AE7E33-6023-499A-A767-EB0238B23A0A}
	EndGlobalSection
	GlobalSection(ExtensibilityGlobals) = postSolution
		SolutionGuid = {01100AD7-2294-4652-9B9F-456B61FF0FA3}
	EndGlobalSection
EndGlobal
