
Microsoft Visual Studio Solution File, Format Version 12.00
# Visual Studio Version 16
VisualStudioVersion = 16.0.32929.386
MinimumVisualStudioVersion = 10.0.40219.1
Project("{8BC9CEB8-8B4A-11D0-8D11-00A0C91BC942}") = "TCPClient", "TCPClient\TCPClient.vcxproj", "{A80236E8-6486-4F7E-B26E-94B671FF5E6D}"
EndProject
Global
	GlobalSection(SolutionConfigurationPlatforms) = preSolution
		Debug|x64 = Debug|x64
		Debug|x86 = Debug|x86
		Release|x64 = Release|x64
		Release|x86 = Release|x86
	EndGlobalSection
	GlobalSection(ProjectConfigurationPlatforms) = postSolution
		{A80236E8-6486-4F7E-B26E-94B671FF5E6D}.Debug|x64.ActiveCfg = Debug|x64
		{A80236E8-6486-4F7E-B26E-94B671FF5E6D}.Debug|x64.Build.0 = Debug|x64
		{A80236E8-6486-4F7E-B26E-94B671FF5E6D}.Debug|x86.ActiveCfg = Debug|Win32
		{A80236E8-6486-4F7E-B26E-94B671FF5E6D}.Debug|x86.Build.0 = Debug|Win32
		{A80236E8-6486-4F7E-B26E-94B671FF5E6D}.Release|x64.ActiveCfg = Release|x64
		{A80236E8-6486-4F7E-B26E-94B671FF5E6D}.Release|x64.Build.0 = Release|x64
		{A80236E8-6486-4F7E-B26E-94B671FF5E6D}.Release|x86.ActiveCfg = Release|Win32
		{A80236E8-6486-4F7E-B26E-94B671FF5E6D}.Release|x86.Build.0 = Release|Win32
	EndGlobalSection
	GlobalSection(SolutionProperties) = preSolution
		HideSolutionNode = FALSE
	EndGlobalSection
	GlobalSection(ExtensibilityGlobals) = postSolution
		SolutionGuid = {84CC1B88-5971-42F1-9344-E5428D8A9B54}
	EndGlobalSection
EndGlobal
